
Microsoft Visual Studio Solution File, Format Version 12.00
# Visual Studio 15
VisualStudioVersion = 15.0.25807.0
MinimumVisualStudioVersion = 10.0.40219.1
Project("{2150E333-8FDC-42A3-9474-1A3956D46DE8}") = "Engine", "Engine", "{4356B206-A546-46DA-A039-82E38598BC17}"
EndProject
Project("{2150E333-8FDC-42A3-9474-1A3956D46DE8}") = "Games", "Games", "{3D267EBB-972A-4587-88CF-F2E02C2C26B0}"
EndProject
Project("{8BC9CEB8-8B4A-11D0-8D11-00A0C91BC942}") = "TerrainGen", "Intermediate\ProjectFiles\TerrainGen.vcxproj", "{E0EC90C0-FA8C-48E7-85FD-AD1F4AF1D939}"
EndProject
Project("{8BC9CEB8-8B4A-11D0-8D11-00A0C91BC942}") = "UE4", "Intermediate\ProjectFiles\UE4.vcxproj", "{659D8EC6-758B-4358-A3DE-2647968D289A}"
EndProject
Project("{2150E333-8FDC-42A3-9474-1A3956D46DE8}") = "Visualizers", "Visualizers", "{B871D1EC-16B7-4129-89F1-974B7A88D7C9}"
	ProjectSection(SolutionItems) = preProject
		D:\Unreal Engine\UE_4.22\Engine\Extras\VisualStudioDebugging\UE4.natvis = D:\Unreal Engine\UE_4.22\Engine\Extras\VisualStudioDebugging\UE4.natvis
	EndProjectSection
EndProject
Global
	GlobalSection(SolutionConfigurationPlatforms) = preSolution
		DebugGame Editor|HTML5 = DebugGame Editor|HTML5
		DebugGame Editor|Win32 = DebugGame Editor|Win32
		DebugGame Editor|Win64 = DebugGame Editor|Win64
		DebugGame|HTML5 = DebugGame|HTML5
		DebugGame|Win32 = DebugGame|Win32
		DebugGame|Win64 = DebugGame|Win64
		Development Editor|HTML5 = Development Editor|HTML5
		Development Editor|Win32 = Development Editor|Win32
		Development Editor|Win64 = Development Editor|Win64
		Development|HTML5 = Development|HTML5
		Development|Win32 = Development|Win32
		Development|Win64 = Development|Win64
		Shipping|HTML5 = Shipping|HTML5
		Shipping|Win32 = Shipping|Win32
		Shipping|Win64 = Shipping|Win64
	EndGlobalSection
	GlobalSection(ProjectConfigurationPlatforms) = postSolution
		{E0EC90C0-FA8C-48E7-85FD-AD1F4AF1D939}.DebugGame Editor|HTML5.ActiveCfg = Invalid|Win32
		{E0EC90C0-FA8C-48E7-85FD-AD1F4AF1D939}.DebugGame Editor|Win32.ActiveCfg = Invalid|Win32
		{E0EC90C0-FA8C-48E7-85FD-AD1F4AF1D939}.DebugGame Editor|Win64.ActiveCfg = DebugGame_Editor|x64
		{E0EC90C0-FA8C-48E7-85FD-AD1F4AF1D939}.DebugGame Editor|Win64.Build.0 = DebugGame_Editor|x64
		{E0EC90C0-FA8C-48E7-85FD-AD1F4AF1D939}.DebugGame|HTML5.ActiveCfg = HTML5_DebugGame|Win32
		{E0EC90C0-FA8C-48E7-85FD-AD1F4AF1D939}.DebugGame|HTML5.Build.0 = HTML5_DebugGame|Win32
		{E0EC90C0-FA8C-48E7-85FD-AD1F4AF1D939}.DebugGame|Win32.ActiveCfg = DebugGame|Win32
		{E0EC90C0-FA8C-48E7-85FD-AD1F4AF1D939}.DebugGame|Win32.Build.0 = DebugGame|Win32
		{E0EC90C0-FA8C-48E7-85FD-AD1F4AF1D939}.DebugGame|Win64.ActiveCfg = DebugGame|x64
		{E0EC90C0-FA8C-48E7-85FD-AD1F4AF1D939}.DebugGame|Win64.Build.0 = DebugGame|x64
		{E0EC90C0-FA8C-48E7-85FD-AD1F4AF1D939}.Development Editor|HTML5.ActiveCfg = Invalid|Win32
		{E0EC90C0-FA8C-48E7-85FD-AD1F4AF1D939}.Development Editor|Win32.ActiveCfg = Invalid|Win32
		{E0EC90C0-FA8C-48E7-85FD-AD1F4AF1D939}.Development Editor|Win64.ActiveCfg = Development_Editor|x64
		{E0EC90C0-FA8C-48E7-85FD-AD1F4AF1D939}.Development Editor|Win64.Build.0 = Development_Editor|x64
		{E0EC90C0-FA8C-48E7-85FD-AD1F4AF1D939}.Development|HTML5.ActiveCfg = HTML5_Development|Win32
		{E0EC90C0-FA8C-48E7-85FD-AD1F4AF1D939}.Development|HTML5.Build.0 = HTML5_Development|Win32
		{E0EC90C0-FA8C-48E7-85FD-AD1F4AF1D939}.Development|Win32.ActiveCfg = Development|Win32
		{E0EC90C0-FA8C-48E7-85FD-AD1F4AF1D939}.Development|Win32.Build.0 = Development|Win32
		{E0EC90C0-FA8C-48E7-85FD-AD1F4AF1D939}.Development|Win64.ActiveCfg = Development|x64
		{E0EC90C0-FA8C-48E7-85FD-AD1F4AF1D939}.Development|Win64.Build.0 = Development|x64
		{E0EC90C0-FA8C-48E7-85FD-AD1F4AF1D939}.Shipping|HTML5.ActiveCfg = HTML5_Shipping|Win32
		{E0EC90C0-FA8C-48E7-85FD-AD1F4AF1D939}.Shipping|HTML5.Build.0 = HTML5_Shipping|Win32
		{E0EC90C0-FA8C-48E7-85FD-AD1F4AF1D939}.Shipping|Win32.ActiveCfg = Shipping|Win32
		{E0EC90C0-FA8C-48E7-85FD-AD1F4AF1D939}.Shipping|Win32.Build.0 = Shipping|Win32
		{E0EC90C0-FA8C-48E7-85FD-AD1F4AF1D939}.Shipping|Win64.ActiveCfg = Shipping|x64
		{E0EC90C0-FA8C-48E7-85FD-AD1F4AF1D939}.Shipping|Win64.Build.0 = Shipping|x64
		{659D8EC6-758B-4358-A3DE-2647968D289A}.DebugGame Editor|HTML5.ActiveCfg = BuiltWithUnrealBuildTool|Win32
		{659D8EC6-758B-4358-A3DE-2647968D289A}.DebugGame Editor|Win32.ActiveCfg = BuiltWithUnrealBuildTool|Win32
		{659D8EC6-758B-4358-A3DE-2647968D289A}.DebugGame Editor|Win64.ActiveCfg = BuiltWithUnrealBuildTool|Win32
		{659D8EC6-758B-4358-A3DE-2647968D289A}.DebugGame|HTML5.ActiveCfg = BuiltWithUnrealBuildTool|Win32
		{659D8EC6-758B-4358-A3DE-2647968D289A}.DebugGame|Win32.ActiveCfg = BuiltWithUnrealBuildTool|Win32
		{659D8EC6-758B-4358-A3DE-2647968D289A}.DebugGame|Win64.ActiveCfg = BuiltWithUnrealBuildTool|Win32
		{659D8EC6-758B-4358-A3DE-2647968D289A}.Development Editor|HTML5.ActiveCfg = BuiltWithUnrealBuildTool|Win32
		{659D8EC6-758B-4358-A3DE-2647968D289A}.Development Editor|Win32.ActiveCfg = BuiltWithUnrealBuildTool|Win32
		{659D8EC6-758B-4358-A3DE-2647968D289A}.Development Editor|Win64.ActiveCfg = BuiltWithUnrealBuildTool|Win32
		{659D8EC6-758B-4358-A3DE-2647968D289A}.Development|HTML5.ActiveCfg = BuiltWithUnrealBuildTool|Win32
		{659D8EC6-758B-4358-A3DE-2647968D289A}.Development|Win32.ActiveCfg = BuiltWithUnrealBuildTool|Win32
		{659D8EC6-758B-4358-A3DE-2647968D289A}.Development|Win64.ActiveCfg = BuiltWithUnrealBuildTool|Win32
		{659D8EC6-758B-4358-A3DE-2647968D289A}.Shipping|HTML5.ActiveCfg = BuiltWithUnrealBuildTool|Win32
		{659D8EC6-758B-4358-A3DE-2647968D289A}.Shipping|Win32.ActiveCfg = BuiltWithUnrealBuildTool|Win32
		{659D8EC6-758B-4358-A3DE-2647968D289A}.Shipping|Win64.ActiveCfg = BuiltWithUnrealBuildTool|Win32
	EndGlobalSection
	GlobalSection(SolutionProperties) = preSolution
		HideSolutionNode = FALSE
	EndGlobalSection
	GlobalSection(NestedProjects) = preSolution
		{659D8EC6-758B-4358-A3DE-2647968D289A} = {4356B206-A546-46DA-A039-82E38598BC17}
		{E0EC90C0-FA8C-48E7-85FD-AD1F4AF1D939} = {3D267EBB-972A-4587-88CF-F2E02C2C26B0}
	EndGlobalSection
EndGlobal
